
Microsoft Visual Studio Solution File, Format Version 12.00
# Visual Studio Version 16
VisualStudioVersion = 16.0.29926.136
MinimumVisualStudioVersion = 10.0.40219.1
Project("{9A19103F-16F7-4668-BE54-9A1E7A4F7556}") = "ShipContentManager", "ShipContentManager\ShipContentManager.csproj", "{9EC4910E-5454-484E-8CC1-380E645A4266}"
EndProject
Global
	GlobalSection(SolutionConfigurationPlatforms) = preSolution
		Debug|Any CPU = Debug|Any CPU
		Release|Any CPU = Release|Any CPU
	EndGlobalSection
	GlobalSection(ProjectConfigurationPlatforms) = postSolution
		{9EC4910E-5454-484E-8CC1-380E645A4266}.Debug|Any CPU.ActiveCfg = Debug|Any CPU
		{9EC4910E-5454-484E-8CC1-380E645A4266}.Debug|Any CPU.Build.0 = Debug|Any CPU
		{9EC4910E-5454-484E-8CC1-380E645A4266}.Release|Any CPU.ActiveCfg = Release|Any CPU
		{9EC4910E-5454-484E-8CC1-380E645A4266}.Release|Any CPU.Build.0 = Release|Any CPU
	EndGlobalSection
	GlobalSection(SolutionProperties) = preSolution
		HideSolutionNode = FALSE
	EndGlobalSection
	GlobalSection(ExtensibilityGlobals) = postSolution
		SolutionGuid = {E8556489-BECE-4C32-9A1C-AA10C419FCED}
	EndGlobalSection
EndGlobal
